
Microsoft Visual Studio Solution File, Format Version 12.00
# Visual Studio 15
VisualStudioVersion = 15.0.26124.0
MinimumVisualStudioVersion = 15.0.26124.0
Project("{9A19103F-16F7-4668-BE54-9A1E7A4F7556}") = "Dibix.Sdk", "src\Dibix.Sdk\Dibix.Sdk.csproj", "{89046AEF-80E6-4E84-8BB3-19D344B587C0}"
EndProject
Project("{2150E333-8FDC-42A3-9474-1A3956D46DE8}") = "src", "src", "{118B0BCE-C81F-4DA0-814C-2F8AC4867710}"
EndProject
Project("{2150E333-8FDC-42A3-9474-1A3956D46DE8}") = "tests", "tests", "{B1D5F4EA-842C-494E-9B2F-1FF271591E29}"
EndProject
Project("{9A19103F-16F7-4668-BE54-9A1E7A4F7556}") = "Dibix.Sdk.Tests", "tests\Dibix.Sdk.Tests\Dibix.Sdk.Tests.csproj", "{77DBF2BB-D93F-4669-872A-01D94C80DF21}"
EndProject
Project("{9A19103F-16F7-4668-BE54-9A1E7A4F7556}") = "Dibix", "src\Dibix\Dibix.csproj", "{C39FCD10-4874-4FC6-86A7-D35A1789DCD0}"
EndProject
Project("{00D1A9C2-B5F0-4AF3-8072-F6C62B433612}") = "Dibix.Sdk.Tests.Database", "tests\Dibix.Sdk.Tests.Database\Dibix.Sdk.Tests.Database.sqlproj", "{2AA95DFC-B5C9-4758-BC8F-7A2290112C89}"
EndProject
Project("{9A19103F-16F7-4668-BE54-9A1E7A4F7556}") = "Dibix.Dac.Extensions", "src\Dibix.Dac.Extensions\Dibix.Dac.Extensions.csproj", "{6A8E0A5F-7F3A-4F22-858E-3FF44059F612}"
EndProject
Project("{9A19103F-16F7-4668-BE54-9A1E7A4F7556}") = "Dibix.VisualStudio", "src\Dibix.VisualStudio\Dibix.VisualStudio.csproj", "{D4352105-7C61-4DC1-B625-186E0AB1A689}"
EndProject
Project("{2150E333-8FDC-42A3-9474-1A3956D46DE8}") = "build", "build", "{62C58971-8516-42E1-8D2A-70A0CE779FFE}"
	ProjectSection(SolutionItems) = preProject
		build\common.props = build\common.props
		build\dependencies.props = build\dependencies.props
		build\NuGet.config = build\NuGet.config
		build\Sdk.Targets = build\Sdk.Targets
		build\version.props = build\version.props
		build\VSIX.targets = build\VSIX.targets
	EndProjectSection
EndProject
Global
	GlobalSection(SolutionConfigurationPlatforms) = preSolution
		Debug|Any CPU = Debug|Any CPU
		Release|Any CPU = Release|Any CPU
	EndGlobalSection
	GlobalSection(ProjectConfigurationPlatforms) = postSolution
		{89046AEF-80E6-4E84-8BB3-19D344B587C0}.Debug|Any CPU.ActiveCfg = Debug|Any CPU
		{89046AEF-80E6-4E84-8BB3-19D344B587C0}.Debug|Any CPU.Build.0 = Debug|Any CPU
		{89046AEF-80E6-4E84-8BB3-19D344B587C0}.Release|Any CPU.ActiveCfg = Release|Any CPU
		{89046AEF-80E6-4E84-8BB3-19D344B587C0}.Release|Any CPU.Build.0 = Release|Any CPU
		{77DBF2BB-D93F-4669-872A-01D94C80DF21}.Debug|Any CPU.ActiveCfg = Debug|Any CPU
		{77DBF2BB-D93F-4669-872A-01D94C80DF21}.Debug|Any CPU.Build.0 = Debug|Any CPU
		{77DBF2BB-D93F-4669-872A-01D94C80DF21}.Release|Any CPU.ActiveCfg = Release|Any CPU
		{77DBF2BB-D93F-4669-872A-01D94C80DF21}.Release|Any CPU.Build.0 = Release|Any CPU
		{C39FCD10-4874-4FC6-86A7-D35A1789DCD0}.Debug|Any CPU.ActiveCfg = Debug|Any CPU
		{C39FCD10-4874-4FC6-86A7-D35A1789DCD0}.Debug|Any CPU.Build.0 = Debug|Any CPU
		{C39FCD10-4874-4FC6-86A7-D35A1789DCD0}.Release|Any CPU.ActiveCfg = Release|Any CPU
		{C39FCD10-4874-4FC6-86A7-D35A1789DCD0}.Release|Any CPU.Build.0 = Release|Any CPU
		{2AA95DFC-B5C9-4758-BC8F-7A2290112C89}.Debug|Any CPU.ActiveCfg = Debug|Any CPU
		{2AA95DFC-B5C9-4758-BC8F-7A2290112C89}.Debug|Any CPU.Build.0 = Debug|Any CPU
		{2AA95DFC-B5C9-4758-BC8F-7A2290112C89}.Debug|Any CPU.Deploy.0 = Debug|Any CPU
		{2AA95DFC-B5C9-4758-BC8F-7A2290112C89}.Release|Any CPU.ActiveCfg = Release|Any CPU
		{2AA95DFC-B5C9-4758-BC8F-7A2290112C89}.Release|Any CPU.Build.0 = Release|Any CPU
		{2AA95DFC-B5C9-4758-BC8F-7A2290112C89}.Release|Any CPU.Deploy.0 = Release|Any CPU
		{6A8E0A5F-7F3A-4F22-858E-3FF44059F612}.Debug|Any CPU.ActiveCfg = Debug|Any CPU
		{6A8E0A5F-7F3A-4F22-858E-3FF44059F612}.Debug|Any CPU.Build.0 = Debug|Any CPU
		{6A8E0A5F-7F3A-4F22-858E-3FF44059F612}.Release|Any CPU.ActiveCfg = Release|Any CPU
		{6A8E0A5F-7F3A-4F22-858E-3FF44059F612}.Release|Any CPU.Build.0 = Release|Any CPU
		{D4352105-7C61-4DC1-B625-186E0AB1A689}.Debug|Any CPU.ActiveCfg = Debug|Any CPU
		{D4352105-7C61-4DC1-B625-186E0AB1A689}.Debug|Any CPU.Build.0 = Debug|Any CPU
		{D4352105-7C61-4DC1-B625-186E0AB1A689}.Release|Any CPU.ActiveCfg = Release|Any CPU
		{D4352105-7C61-4DC1-B625-186E0AB1A689}.Release|Any CPU.Build.0 = Release|Any CPU
	EndGlobalSection
	GlobalSection(SolutionProperties) = preSolution
		HideSolutionNode = FALSE
	EndGlobalSection
	GlobalSection(NestedProjects) = preSolution
		{89046AEF-80E6-4E84-8BB3-19D344B587C0} = {118B0BCE-C81F-4DA0-814C-2F8AC4867710}
		{77DBF2BB-D93F-4669-872A-01D94C80DF21} = {B1D5F4EA-842C-494E-9B2F-1FF271591E29}
		{C39FCD10-4874-4FC6-86A7-D35A1789DCD0} = {118B0BCE-C81F-4DA0-814C-2F8AC4867710}
		{2AA95DFC-B5C9-4758-BC8F-7A2290112C89} = {B1D5F4EA-842C-494E-9B2F-1FF271591E29}
		{6A8E0A5F-7F3A-4F22-858E-3FF44059F612} = {118B0BCE-C81F-4DA0-814C-2F8AC4867710}
		{D4352105-7C61-4DC1-B625-186E0AB1A689} = {118B0BCE-C81F-4DA0-814C-2F8AC4867710}
	EndGlobalSection
	GlobalSection(ExtensibilityGlobals) = postSolution
		SolutionGuid = {F25BA702-70BE-4E04-8583-C71369C6D3D0}
	EndGlobalSection
EndGlobal
