
Microsoft Visual Studio Solution File, Format Version 12.00
# Visual Studio Version 16
VisualStudioVersion = 16.0.28803.352
MinimumVisualStudioVersion = 15.0.26124.0
Project("{9A19103F-16F7-4668-BE54-9A1E7A4F7556}") = "Dibix.Sdk", "src\Dibix.Sdk\Dibix.Sdk.csproj", "{89046AEF-80E6-4E84-8BB3-19D344B587C0}"
	ProjectSection(ProjectDependencies) = postProject
		{C39FCD10-4874-4FC6-86A7-D35A1789DCD0} = {C39FCD10-4874-4FC6-86A7-D35A1789DCD0}
		{85FA91DD-BAC5-4627-B1BE-C2A0D8506E62} = {85FA91DD-BAC5-4627-B1BE-C2A0D8506E62}
	EndProjectSection
EndProject
Project("{2150E333-8FDC-42A3-9474-1A3956D46DE8}") = "src", "src", "{118B0BCE-C81F-4DA0-814C-2F8AC4867710}"
EndProject
Project("{2150E333-8FDC-42A3-9474-1A3956D46DE8}") = "tests", "tests", "{B1D5F4EA-842C-494E-9B2F-1FF271591E29}"
EndProject
Project("{9A19103F-16F7-4668-BE54-9A1E7A4F7556}") = "Dibix.Sdk.Tests", "tests\Dibix.Sdk.Tests\Dibix.Sdk.Tests.csproj", "{77DBF2BB-D93F-4669-872A-01D94C80DF21}"
EndProject
Project("{9A19103F-16F7-4668-BE54-9A1E7A4F7556}") = "Dibix", "src\Dibix\Dibix.csproj", "{C39FCD10-4874-4FC6-86A7-D35A1789DCD0}"
EndProject
Project("{00D1A9C2-B5F0-4AF3-8072-F6C62B433612}") = "Dibix.Sdk.Tests.Database", "tests\Dibix.Sdk.Tests.Database\Dibix.Sdk.Tests.Database.sqlproj", "{2AA95DFC-B5C9-4758-BC8F-7A2290112C89}"
EndProject
Project("{2150E333-8FDC-42A3-9474-1A3956D46DE8}") = "build", "build", "{62C58971-8516-42E1-8D2A-70A0CE779FFE}"
	ProjectSection(SolutionItems) = preProject
		build\common.props = build\common.props
		build\dependencies.props = build\dependencies.props
		build\Dibix.Sdk.props = build\Dibix.Sdk.props
		build\Dibix.Sdk.Targets = build\Dibix.Sdk.Targets
		build\NuGet.config = build\NuGet.config
		build\version.props = build\version.props
	EndProjectSection
EndProject
Project("{9A19103F-16F7-4668-BE54-9A1E7A4F7556}") = "Dibix.MSBuild", "src\Dibix.MSBuild\Dibix.MSBuild.csproj", "{85FA91DD-BAC5-4627-B1BE-C2A0D8506E62}"
EndProject
Project("{9A19103F-16F7-4668-BE54-9A1E7A4F7556}") = "Dibix.Dapper", "src\Dibix.Dapper\Dibix.Dapper.csproj", "{A6D595E0-EA46-4A3C-A82A-61E8B3D61804}"
EndProject
Project("{9A19103F-16F7-4668-BE54-9A1E7A4F7556}") = "Dibix.Dapper.Tests", "tests\Dibix.Dapper.Tests\Dibix.Dapper.Tests.csproj", "{F7DE0355-1833-4D18-98C8-020A15945E58}"
EndProject
Project("{9A19103F-16F7-4668-BE54-9A1E7A4F7556}") = "Dibix.Tests", "tests\Dibix.Tests\Dibix.Tests.csproj", "{597C345A-895D-40B2-AB4F-61CBF6110795}"
EndProject
Project("{9A19103F-16F7-4668-BE54-9A1E7A4F7556}") = "Dibix.Sdk.VisualStudio", "src\Dibix.Sdk.VisualStudio\Dibix.Sdk.VisualStudio.csproj", "{63F569CF-A462-437C-881F-566C2C07BE20}"
EndProject
Project("{9A19103F-16F7-4668-BE54-9A1E7A4F7556}") = "Dibix.Sdk.VisualStudio.Tests", "tests\Dibix.Sdk.VisualStudio.Tests\Dibix.Sdk.VisualStudio.Tests.csproj", "{B74C3477-AB7F-4E27-AB90-E7D1FB058A1D}"
EndProject
Global
	GlobalSection(SolutionConfigurationPlatforms) = preSolution
		Debug|Any CPU = Debug|Any CPU
		Release|Any CPU = Release|Any CPU
	EndGlobalSection
	GlobalSection(ProjectConfigurationPlatforms) = postSolution
		{89046AEF-80E6-4E84-8BB3-19D344B587C0}.Debug|Any CPU.ActiveCfg = Debug|Any CPU
		{89046AEF-80E6-4E84-8BB3-19D344B587C0}.Debug|Any CPU.Build.0 = Debug|Any CPU
		{89046AEF-80E6-4E84-8BB3-19D344B587C0}.Release|Any CPU.ActiveCfg = Release|Any CPU
		{89046AEF-80E6-4E84-8BB3-19D344B587C0}.Release|Any CPU.Build.0 = Release|Any CPU
		{77DBF2BB-D93F-4669-872A-01D94C80DF21}.Debug|Any CPU.ActiveCfg = Debug|Any CPU
		{77DBF2BB-D93F-4669-872A-01D94C80DF21}.Debug|Any CPU.Build.0 = Debug|Any CPU
		{77DBF2BB-D93F-4669-872A-01D94C80DF21}.Release|Any CPU.ActiveCfg = Release|Any CPU
		{77DBF2BB-D93F-4669-872A-01D94C80DF21}.Release|Any CPU.Build.0 = Release|Any CPU
		{C39FCD10-4874-4FC6-86A7-D35A1789DCD0}.Debug|Any CPU.ActiveCfg = Debug|Any CPU
		{C39FCD10-4874-4FC6-86A7-D35A1789DCD0}.Debug|Any CPU.Build.0 = Debug|Any CPU
		{C39FCD10-4874-4FC6-86A7-D35A1789DCD0}.Release|Any CPU.ActiveCfg = Release|Any CPU
		{C39FCD10-4874-4FC6-86A7-D35A1789DCD0}.Release|Any CPU.Build.0 = Release|Any CPU
		{2AA95DFC-B5C9-4758-BC8F-7A2290112C89}.Debug|Any CPU.ActiveCfg = Debug|Any CPU
		{2AA95DFC-B5C9-4758-BC8F-7A2290112C89}.Release|Any CPU.ActiveCfg = Release|Any CPU
		{2AA95DFC-B5C9-4758-BC8F-7A2290112C89}.Release|Any CPU.Build.0 = Release|Any CPU
		{2AA95DFC-B5C9-4758-BC8F-7A2290112C89}.Release|Any CPU.Deploy.0 = Release|Any CPU
		{85FA91DD-BAC5-4627-B1BE-C2A0D8506E62}.Debug|Any CPU.ActiveCfg = Debug|Any CPU
		{85FA91DD-BAC5-4627-B1BE-C2A0D8506E62}.Debug|Any CPU.Build.0 = Debug|Any CPU
		{85FA91DD-BAC5-4627-B1BE-C2A0D8506E62}.Release|Any CPU.ActiveCfg = Release|Any CPU
		{85FA91DD-BAC5-4627-B1BE-C2A0D8506E62}.Release|Any CPU.Build.0 = Release|Any CPU
		{A6D595E0-EA46-4A3C-A82A-61E8B3D61804}.Debug|Any CPU.ActiveCfg = Debug|Any CPU
		{A6D595E0-EA46-4A3C-A82A-61E8B3D61804}.Debug|Any CPU.Build.0 = Debug|Any CPU
		{A6D595E0-EA46-4A3C-A82A-61E8B3D61804}.Release|Any CPU.ActiveCfg = Release|Any CPU
		{A6D595E0-EA46-4A3C-A82A-61E8B3D61804}.Release|Any CPU.Build.0 = Release|Any CPU
		{F7DE0355-1833-4D18-98C8-020A15945E58}.Debug|Any CPU.ActiveCfg = Debug|Any CPU
		{F7DE0355-1833-4D18-98C8-020A15945E58}.Debug|Any CPU.Build.0 = Debug|Any CPU
		{F7DE0355-1833-4D18-98C8-020A15945E58}.Release|Any CPU.ActiveCfg = Release|Any CPU
		{F7DE0355-1833-4D18-98C8-020A15945E58}.Release|Any CPU.Build.0 = Release|Any CPU
		{597C345A-895D-40B2-AB4F-61CBF6110795}.Debug|Any CPU.ActiveCfg = Debug|Any CPU
		{597C345A-895D-40B2-AB4F-61CBF6110795}.Debug|Any CPU.Build.0 = Debug|Any CPU
		{597C345A-895D-40B2-AB4F-61CBF6110795}.Release|Any CPU.ActiveCfg = Release|Any CPU
		{597C345A-895D-40B2-AB4F-61CBF6110795}.Release|Any CPU.Build.0 = Release|Any CPU
		{63F569CF-A462-437C-881F-566C2C07BE20}.Debug|Any CPU.ActiveCfg = Debug|Any CPU
		{63F569CF-A462-437C-881F-566C2C07BE20}.Debug|Any CPU.Build.0 = Debug|Any CPU
		{63F569CF-A462-437C-881F-566C2C07BE20}.Release|Any CPU.ActiveCfg = Release|Any CPU
		{63F569CF-A462-437C-881F-566C2C07BE20}.Release|Any CPU.Build.0 = Release|Any CPU
		{B74C3477-AB7F-4E27-AB90-E7D1FB058A1D}.Debug|Any CPU.ActiveCfg = Debug|Any CPU
		{B74C3477-AB7F-4E27-AB90-E7D1FB058A1D}.Debug|Any CPU.Build.0 = Debug|Any CPU
		{B74C3477-AB7F-4E27-AB90-E7D1FB058A1D}.Release|Any CPU.ActiveCfg = Release|Any CPU
		{B74C3477-AB7F-4E27-AB90-E7D1FB058A1D}.Release|Any CPU.Build.0 = Release|Any CPU
	EndGlobalSection
	GlobalSection(SolutionProperties) = preSolution
		HideSolutionNode = FALSE
	EndGlobalSection
	GlobalSection(NestedProjects) = preSolution
		{89046AEF-80E6-4E84-8BB3-19D344B587C0} = {118B0BCE-C81F-4DA0-814C-2F8AC4867710}
		{77DBF2BB-D93F-4669-872A-01D94C80DF21} = {B1D5F4EA-842C-494E-9B2F-1FF271591E29}
		{C39FCD10-4874-4FC6-86A7-D35A1789DCD0} = {118B0BCE-C81F-4DA0-814C-2F8AC4867710}
		{2AA95DFC-B5C9-4758-BC8F-7A2290112C89} = {B1D5F4EA-842C-494E-9B2F-1FF271591E29}
		{85FA91DD-BAC5-4627-B1BE-C2A0D8506E62} = {118B0BCE-C81F-4DA0-814C-2F8AC4867710}
		{A6D595E0-EA46-4A3C-A82A-61E8B3D61804} = {118B0BCE-C81F-4DA0-814C-2F8AC4867710}
		{F7DE0355-1833-4D18-98C8-020A15945E58} = {B1D5F4EA-842C-494E-9B2F-1FF271591E29}
		{597C345A-895D-40B2-AB4F-61CBF6110795} = {B1D5F4EA-842C-494E-9B2F-1FF271591E29}
		{63F569CF-A462-437C-881F-566C2C07BE20} = {118B0BCE-C81F-4DA0-814C-2F8AC4867710}
		{B74C3477-AB7F-4E27-AB90-E7D1FB058A1D} = {B1D5F4EA-842C-494E-9B2F-1FF271591E29}
	EndGlobalSection
	GlobalSection(ExtensibilityGlobals) = postSolution
		SolutionGuid = {F25BA702-70BE-4E04-8583-C71369C6D3D0}
	EndGlobalSection
EndGlobal
