
Microsoft Visual Studio Solution File, Format Version 12.00
# Visual Studio 15
VisualStudioVersion = 15.0.26124.0
MinimumVisualStudioVersion = 15.0.26124.0
Project("{2150E333-8FDC-42A3-9474-1A3956D46DE8}") = "src", "src", "{6C36280C-704E-48D8-970B-D2A535055E3B}"
EndProject
Project("{FAE04EC0-301F-11D3-BF4B-00C04F79EFBC}") = "Dibix", "src\Dibix\Dibix.csproj", "{7A89BB3B-4181-4A84-A11B-D4D882B5C12F}"
EndProject
Project("{FAE04EC0-301F-11D3-BF4B-00C04F79EFBC}") = "Dibix.Dapper", "src\Dibix.Dapper\Dibix.Dapper.csproj", "{77CD3C48-E81F-479D-AE87-F4E523C28F57}"
EndProject
Project("{2150E333-8FDC-42A3-9474-1A3956D46DE8}") = "tests", "tests", "{77D45FE7-2ACA-4275-8175-A823D0F0E1EF}"
EndProject
Project("{FAE04EC0-301F-11D3-BF4B-00C04F79EFBC}") = "Dibix.Dapper.Tests", "tests\Dibix.Dapper.Tests\Dibix.Dapper.Tests.csproj", "{4D543B38-DAEE-4613-830C-BBA1AE3CCE0E}"
EndProject
Global
	GlobalSection(SolutionConfigurationPlatforms) = preSolution
		Debug|Any CPU = Debug|Any CPU
		Debug|x64 = Debug|x64
		Debug|x86 = Debug|x86
		Release|Any CPU = Release|Any CPU
		Release|x64 = Release|x64
		Release|x86 = Release|x86
	EndGlobalSection
	GlobalSection(SolutionProperties) = preSolution
		HideSolutionNode = FALSE
	EndGlobalSection
	GlobalSection(ProjectConfigurationPlatforms) = postSolution
		{7A89BB3B-4181-4A84-A11B-D4D882B5C12F}.Debug|Any CPU.ActiveCfg = Debug|Any CPU
		{7A89BB3B-4181-4A84-A11B-D4D882B5C12F}.Debug|Any CPU.Build.0 = Debug|Any CPU
		{7A89BB3B-4181-4A84-A11B-D4D882B5C12F}.Debug|x64.ActiveCfg = Debug|Any CPU
		{7A89BB3B-4181-4A84-A11B-D4D882B5C12F}.Debug|x64.Build.0 = Debug|Any CPU
		{7A89BB3B-4181-4A84-A11B-D4D882B5C12F}.Debug|x86.ActiveCfg = Debug|Any CPU
		{7A89BB3B-4181-4A84-A11B-D4D882B5C12F}.Debug|x86.Build.0 = Debug|Any CPU
		{7A89BB3B-4181-4A84-A11B-D4D882B5C12F}.Release|Any CPU.ActiveCfg = Release|Any CPU
		{7A89BB3B-4181-4A84-A11B-D4D882B5C12F}.Release|Any CPU.Build.0 = Release|Any CPU
		{7A89BB3B-4181-4A84-A11B-D4D882B5C12F}.Release|x64.ActiveCfg = Release|Any CPU
		{7A89BB3B-4181-4A84-A11B-D4D882B5C12F}.Release|x64.Build.0 = Release|Any CPU
		{7A89BB3B-4181-4A84-A11B-D4D882B5C12F}.Release|x86.ActiveCfg = Release|Any CPU
		{7A89BB3B-4181-4A84-A11B-D4D882B5C12F}.Release|x86.Build.0 = Release|Any CPU
		{77CD3C48-E81F-479D-AE87-F4E523C28F57}.Debug|Any CPU.ActiveCfg = Debug|Any CPU
		{77CD3C48-E81F-479D-AE87-F4E523C28F57}.Debug|Any CPU.Build.0 = Debug|Any CPU
		{77CD3C48-E81F-479D-AE87-F4E523C28F57}.Debug|x64.ActiveCfg = Debug|Any CPU
		{77CD3C48-E81F-479D-AE87-F4E523C28F57}.Debug|x64.Build.0 = Debug|Any CPU
		{77CD3C48-E81F-479D-AE87-F4E523C28F57}.Debug|x86.ActiveCfg = Debug|Any CPU
		{77CD3C48-E81F-479D-AE87-F4E523C28F57}.Debug|x86.Build.0 = Debug|Any CPU
		{77CD3C48-E81F-479D-AE87-F4E523C28F57}.Release|Any CPU.ActiveCfg = Release|Any CPU
		{77CD3C48-E81F-479D-AE87-F4E523C28F57}.Release|Any CPU.Build.0 = Release|Any CPU
		{77CD3C48-E81F-479D-AE87-F4E523C28F57}.Release|x64.ActiveCfg = Release|Any CPU
		{77CD3C48-E81F-479D-AE87-F4E523C28F57}.Release|x64.Build.0 = Release|Any CPU
		{77CD3C48-E81F-479D-AE87-F4E523C28F57}.Release|x86.ActiveCfg = Release|Any CPU
		{77CD3C48-E81F-479D-AE87-F4E523C28F57}.Release|x86.Build.0 = Release|Any CPU
		{4D543B38-DAEE-4613-830C-BBA1AE3CCE0E}.Debug|Any CPU.ActiveCfg = Debug|Any CPU
		{4D543B38-DAEE-4613-830C-BBA1AE3CCE0E}.Debug|Any CPU.Build.0 = Debug|Any CPU
		{4D543B38-DAEE-4613-830C-BBA1AE3CCE0E}.Debug|x64.ActiveCfg = Debug|Any CPU
		{4D543B38-DAEE-4613-830C-BBA1AE3CCE0E}.Debug|x64.Build.0 = Debug|Any CPU
		{4D543B38-DAEE-4613-830C-BBA1AE3CCE0E}.Debug|x86.ActiveCfg = Debug|Any CPU
		{4D543B38-DAEE-4613-830C-BBA1AE3CCE0E}.Debug|x86.Build.0 = Debug|Any CPU
		{4D543B38-DAEE-4613-830C-BBA1AE3CCE0E}.Release|Any CPU.ActiveCfg = Release|Any CPU
		{4D543B38-DAEE-4613-830C-BBA1AE3CCE0E}.Release|Any CPU.Build.0 = Release|Any CPU
		{4D543B38-DAEE-4613-830C-BBA1AE3CCE0E}.Release|x64.ActiveCfg = Release|Any CPU
		{4D543B38-DAEE-4613-830C-BBA1AE3CCE0E}.Release|x64.Build.0 = Release|Any CPU
		{4D543B38-DAEE-4613-830C-BBA1AE3CCE0E}.Release|x86.ActiveCfg = Release|Any CPU
		{4D543B38-DAEE-4613-830C-BBA1AE3CCE0E}.Release|x86.Build.0 = Release|Any CPU
	EndGlobalSection
	GlobalSection(NestedProjects) = preSolution
		{7A89BB3B-4181-4A84-A11B-D4D882B5C12F} = {6C36280C-704E-48D8-970B-D2A535055E3B}
		{77CD3C48-E81F-479D-AE87-F4E523C28F57} = {6C36280C-704E-48D8-970B-D2A535055E3B}
		{4D543B38-DAEE-4613-830C-BBA1AE3CCE0E} = {77D45FE7-2ACA-4275-8175-A823D0F0E1EF}
	EndGlobalSection
EndGlobal
